// !$*UTF8*$!
{
	archiveVersion = 1;
	classes = {
	};
	objectVersion = 46;
	objects = {

/* Begin PBXBuildFile section */
		7D0B5DC31D8EA73100A2BE5C /* AppDelegate.swift in Sources */ = {isa = PBXBuildFile; fileRef = 7D0B5DC21D8EA73100A2BE5C /* AppDelegate.swift */; };
		7D0B5DC51D8EA73100A2BE5C /* ViewController.swift in Sources */ = {isa = PBXBuildFile; fileRef = 7D0B5DC41D8EA73100A2BE5C /* ViewController.swift */; };
		7D0B5DC81D8EA73100A2BE5C /* Main.storyboard in Resources */ = {isa = PBXBuildFile; fileRef = 7D0B5DC61D8EA73100A2BE5C /* Main.storyboard */; };
		7D0B5DCA1D8EA73100A2BE5C /* Assets.xcassets in Resources */ = {isa = PBXBuildFile; fileRef = 7D0B5DC91D8EA73100A2BE5C /* Assets.xcassets */; };
		7D0B5DCD1D8EA73100A2BE5C /* LaunchScreen.storyboard in Resources */ = {isa = PBXBuildFile; fileRef = 7D0B5DCB1D8EA73100A2BE5C /* LaunchScreen.storyboard */; };
		7D0B5DD51D8EA75A00A2BE5C /* Reachability.swift in Sources */ = {isa = PBXBuildFile; fileRef = 7D0B5DD41D8EA75A00A2BE5C /* Reachability.swift */; };
/* End PBXBuildFile section */

/* Begin PBXFileReference section */
		7D0B5DBF1D8EA73100A2BE5C /* Net Availability.app */ = {isa = PBXFileReference; explicitFileType = wrapper.application; includeInIndex = 0; path = "Net Availability.app"; sourceTree = BUILT_PRODUCTS_DIR; };
		7D0B5DC21D8EA73100A2BE5C /* AppDelegate.swift */ = {isa = PBXFileReference; lastKnownFileType = sourcecode.swift; path = AppDelegate.swift; sourceTree = "<group>"; };
		7D0B5DC41D8EA73100A2BE5C /* ViewController.swift */ = {isa = PBXFileReference; lastKnownFileType = sourcecode.swift; path = ViewController.swift; sourceTree = "<group>"; };
		7D0B5DC71D8EA73100A2BE5C /* Base */ = {isa = PBXFileReference; lastKnownFileType = file.storyboard; name = Base; path = Base.lproj/Main.storyboard; sourceTree = "<group>"; };
		7D0B5DC91D8EA73100A2BE5C /* Assets.xcassets */ = {isa = PBXFileReference; lastKnownFileType = folder.assetcatalog; path = Assets.xcassets; sourceTree = "<group>"; };
		7D0B5DCC1D8EA73100A2BE5C /* Base */ = {isa = PBXFileReference; lastKnownFileType = file.storyboard; name = Base; path = Base.lproj/LaunchScreen.storyboard; sourceTree = "<group>"; };
		7D0B5DCE1D8EA73100A2BE5C /* Info.plist */ = {isa = PBXFileReference; lastKnownFileType = text.plist.xml; path = Info.plist; sourceTree = "<group>"; };
		7D0B5DD41D8EA75A00A2BE5C /* Reachability.swift */ = {isa = PBXFileReference; fileEncoding = 4; lastKnownFileType = sourcecode.swift; path = Reachability.swift; sourceTree = "<group>"; };
/* End PBXFileReference section */

/* Begin PBXFrameworksBuildPhase section */
		7D0B5DBC1D8EA73100A2BE5C /* Frameworks */ = {
			isa = PBXFrameworksBuildPhase;
			buildActionMask = 2147483647;
			files = (
			);
			runOnlyForDeploymentPostprocessing = 0;
		};
/* End PBXFrameworksBuildPhase section */

/* Begin PBXGroup section */
		7D0B5DB61D8EA73100A2BE5C = {
			isa = PBXGroup;
			children = (
				7D0B5DC11D8EA73100A2BE5C /* Net Availability */,
				7D0B5DC01D8EA73100A2BE5C /* Products */,
			);
			sourceTree = "<group>";
		};
		7D0B5DC01D8EA73100A2BE5C /* Products */ = {
			isa = PBXGroup;
			children = (
				7D0B5DBF1D8EA73100A2BE5C /* Net Availability.app */,
			);
			name = Products;
			sourceTree = "<group>";
		};
		7D0B5DC11D8EA73100A2BE5C /* Net Availability */ = {
			isa = PBXGroup;
			children = (
				7D0B5DC21D8EA73100A2BE5C /* AppDelegate.swift */,
				7D0B5DC41D8EA73100A2BE5C /* ViewController.swift */,
				7D0B5DD41D8EA75A00A2BE5C /* Reachability.swift */,
				7D0B5DC61D8EA73100A2BE5C /* Main.storyboard */,
				7D0B5DC91D8EA73100A2BE5C /* Assets.xcassets */,
				7D0B5DCB1D8EA73100A2BE5C /* LaunchScreen.storyboard */,
				7D0B5DCE1D8EA73100A2BE5C /* Info.plist */,
			);
			path = "Net Availability";
			sourceTree = "<group>";
		};
/* End PBXGroup section */

/* Begin PBXNativeTarget section */
		7D0B5DBE1D8EA73100A2BE5C /* Net Availability */ = {
			isa = PBXNativeTarget;
			buildConfigurationList = 7D0B5DD11D8EA73100A2BE5C /* Build configuration list for PBXNativeTarget "Net Availability" */;
			buildPhases = (
				7D0B5DBB1D8EA73100A2BE5C /* Sources */,
				7D0B5DBC1D8EA73100A2BE5C /* Frameworks */,
				7D0B5DBD1D8EA73100A2BE5C /* Resources */,
			);
			buildRules = (
			);
			dependencies = (
			);
			name = "Net Availability";
			productName = "Net Availability";
			productReference = 7D0B5DBF1D8EA73100A2BE5C /* Net Availability.app */;
			productType = "com.apple.product-type.application";
		};
/* End PBXNativeTarget section */

/* Begin PBXProject section */
		7D0B5DB71D8EA73100A2BE5C /* Project object */ = {
			isa = PBXProject;
			attributes = {
				LastSwiftUpdateCheck = 0800;
				LastUpgradeCheck = 0800;
				ORGANIZATIONNAME = "Aland Kawa";
				TargetAttributes = {
					7D0B5DBE1D8EA73100A2BE5C = {
						CreatedOnToolsVersion = 8.0;
						DevelopmentTeam = FNKS3UM2FT;
						ProvisioningStyle = Automatic;
					};
				};
			};
			buildConfigurationList = 7D0B5DBA1D8EA73100A2BE5C /* Build configuration list for PBXProject "Net Availability" */;
			compatibilityVersion = "Xcode 3.2";
			developmentRegion = English;
			hasScannedForEncodings = 0;
			knownRegions = (
				en,
				Base,
			);
			mainGroup = 7D0B5DB61D8EA73100A2BE5C;
			productRefGroup = 7D0B5DC01D8EA73100A2BE5C /* Products */;
			projectDirPath = "";
			projectRoot = "";
			targets = (
				7D0B5DBE1D8EA73100A2BE5C /* Net Availability */,
			);
		};
/* End PBXProject section */

/* Begin PBXResourcesBuildPhase section */
		7D0B5DBD1D8EA73100A2BE5C /* Resources */ = {
			isa = PBXResourcesBuildPhase;
			buildActionMask = 2147483647;
			files = (
				7D0B5DCD1D8EA73100A2BE5C /* LaunchScreen.storyboard in Resources */,
				7D0B5DCA1D8EA73100A2BE5C /* Assets.xcassets in Resources */,
				7D0B5DC81D8EA73100A2BE5C /* Main.storyboard in Resources */,
			);
			runOnlyForDeploymentPostprocessing = 0;
		};
/* End PBXResourcesBuildPhase section */

/* Begin PBXSourcesBuildPhase section */
		7D0B5DBB1D8EA73100A2BE5C /* Sources */ = {
			isa = PBXSourcesBuildPhase;
			buildActionMask = 2147483647;
			files = (
				7D0B5DC51D8EA73100A2BE5C /* ViewController.swift in Sources */,
				7D0B5DC31D8EA73100A2BE5C /* AppDelegate.swift in Sources */,
				7D0B5DD51D8EA75A00A2BE5C /* Reachability.swift in Sources */,
			);
			runOnlyForDeploymentPostprocessing = 0;
		};
/* End PBXSourcesBuildPhase section */

/* Begin PBXVariantGroup section */
		7D0B5DC61D8EA73100A2BE5C /* Main.storyboard */ = {
			isa = PBXVariantGroup;
			children = (
				7D0B5DC71D8EA73100A2BE5C /* Base */,
			);
			name = Main.storyboard;
			sourceTree = "<group>";
		};
		7D0B5DCB1D8EA73100A2BE5C /* LaunchScreen.storyboard */ = {
			isa = PBXVariantGroup;
			children = (
				7D0B5DCC1D8EA73100A2BE5C /* Base */,
			);
			name = LaunchScreen.storyboard;
			sourceTree = "<group>";
		};
/* End PBXVariantGroup section */

/* Begin XCBuildConfiguration section */
		7D0B5DCF1D8EA73100A2BE5C /* Debug */ = {
			isa = XCBuildConfiguration;
			buildSettings = {
				ALWAYS_SEARCH_USER_PATHS = NO;
				CLANG_ANALYZER_NONNULL = YES;
				CLANG_CXX_LANGUAGE_STANDARD = "gnu++0x";
				CLANG_CXX_LIBRARY = "libc++";
				CLANG_ENABLE_MODULES = YES;
				CLANG_ENABLE_OBJC_ARC = YES;
				CLANG_WARN_BOOL_CONVERSION = YES;
				CLANG_WARN_CONSTANT_CONVERSION = YES;
				CLANG_WARN_DIRECT_OBJC_ISA_USAGE = YES_ERROR;
				CLANG_WARN_DOCUMENTATION_COMMENTS = YES;
				CLANG_WARN_EMPTY_BODY = YES;
				CLANG_WARN_ENUM_CONVERSION = YES;
				CLANG_WARN_INFINITE_RECURSION = YES;
				CLANG_WARN_INT_CONVERSION = YES;
				CLANG_WARN_OBJC_ROOT_CLASS = YES_ERROR;
				CLANG_WARN_SUSPICIOUS_MOVES = YES;
				CLANG_WARN_UNREACHABLE_CODE = YES;
				CLANG_WARN__DUPLICATE_METHOD_MATCH = YES;
				"CODE_SIGN_IDENTITY[sdk=iphoneos*]" = "iPhone Developer";
				COPY_PHASE_STRIP = NO;
				DEBUG_INFORMATION_FORMAT = dwarf;
				ENABLE_STRICT_OBJC_MSGSEND = YES;
				ENABLE_TESTABILITY = YES;
				GCC_C_LANGUAGE_STANDARD = gnu99;
				GCC_DYNAMIC_NO_PIC = NO;
				GCC_NO_COMMON_BLOCKS = YES;
				GCC_OPTIMIZATION_LEVEL = 0;
				GCC_PREPROCESSOR_DEFINITIONS = (
					"DEBUG=1",
					"$(inherited)",
				);
				GCC_WARN_64_TO_32_BIT_CONVERSION = YES;
				GCC_WARN_ABOUT_RETURN_TYPE = YES_ERROR;
				GCC_WARN_UNDECLARED_SELECTOR = YES;
				GCC_WARN_UNINITIALIZED_AUTOS = YES_AGGRESSIVE;
				GCC_WARN_UNUSED_FUNCTION = YES;
				GCC_WARN_UNUSED_VARIABLE = YES;
				IPHONEOS_DEPLOYMENT_TARGET = 10.0;
				MTL_ENABLE_DEBUG_INFO = YES;
				ONLY_ACTIVE_ARCH = YES;
				SDKROOT = iphoneos;
				SWIFT_ACTIVE_COMPILATION_CONDITIONS = DEBUG;
				SWIFT_OPTIMIZATION_LEVEL = "-Onone";
				TARGETED_DEVICE_FAMILY = "1,2";
			};
			name = Debug;
		};
		7D0B5DD01D8EA73100A2BE5C /* Release */ = {
			isa = XCBuildConfiguration;
			buildSettings = {
				ALWAYS_SEARCH_USER_PATHS = NO;
				CLANG_ANALYZER_NONNULL = YES;
				CLANG_CXX_LANGUAGE_STANDARD = "gnu++0x";
				CLANG_CXX_LIBRARY = "libc++";
				CLANG_ENABLE_MODULES = YES;
				CLANG_ENABLE_OBJC_ARC = YES;
				CLANG_WARN_BOOL_CONVERSION = YES;
				CLANG_WARN_CONSTANT_CONVERSION = YES;
				CLANG_WARN_DIRECT_OBJC_ISA_USAGE = YES_ERROR;
				CLANG_WARN_DOCUMENTATION_COMMENTS = YES;
				CLANG_WARN_EMPTY_BODY = YES;
				CLANG_WARN_ENUM_CONVERSION = YES;
				CLANG_WARN_INFINITE_RECURSION = YES;
				CLANG_WARN_INT_CONVERSION = YES;
				CLANG_WARN_OBJC_ROOT_CLASS = YES_ERROR;
				CLANG_WARN_SUSPICIOUS_MOVES = YES;
				CLANG_WARN_UNREACHABLE_CODE = YES;
				CLANG_WARN__DUPLICATE_METHOD_MATCH = YES;
				"CODE_SIGN_IDENTITY[sdk=iphoneos*]" = "iPhone Developer";
				COPY_PHASE_STRIP = NO;
				DEBUG_INFORMATION_FORMAT = "dwarf-with-dsym";
				ENABLE_NS_ASSERTIONS = NO;
				ENABLE_STRICT_OBJC_MSGSEND = YES;
				GCC_C_LANGUAGE_STANDARD = gnu99;
				GCC_NO_COMMON_BLOCKS = YES;
				GCC_WARN_64_TO_32_BIT_CONVERSION = YES;
				GCC_WARN_ABOUT_RETURN_TYPE = YES_ERROR;
				GCC_WARN_UNDECLARED_SELECTOR = YES;
				GCC_WARN_UNINITIALIZED_AUTOS = YES_AGGRESSIVE;
				GCC_WARN_UNUSED_FUNCTION = YES;
				GCC_WARN_UNUSED_VARIABLE = YES;
				IPHONEOS_DEPLOYMENT_TARGET = 10.0;
				MTL_ENABLE_DEBUG_INFO = NO;
				SDKROOT = iphoneos;
				SWIFT_OPTIMIZATION_LEVEL = "-Owholemodule";
				TARGETED_DEVICE_FAMILY = "1,2";
				VALIDATE_PRODUCT = YES;
			};
			name = Release;
		};
		7D0B5DD21D8EA73100A2BE5C /* Debug */ = {
			isa = XCBuildConfiguration;
			buildSettings = {
				ASSETCATALOG_COMPILER_APPICON_NAME = AppIcon;
				DEVELOPMENT_TEAM = FNKS3UM2FT;
				INFOPLIST_FILE = "Net Availability/Info.plist";
				LD_RUNPATH_SEARCH_PATHS = "$(inherited) @executable_path/Frameworks";
				PRODUCT_BUNDLE_IDENTIFIER = "com.xalandk.Net-Availability";
				PRODUCT_NAME = "$(TARGET_NAME)";
				SWIFT_VERSION = 3.0;
			};
			name = Debug;
		};
		7D0B5DD31D8EA73100A2BE5C /* Release */ = {
			isa = XCBuildConfiguration;
			buildSettings = {
				ASSETCATALOG_COMPILER_APPICON_NAME = AppIcon;
				DEVELOPMENT_TEAM = FNKS3UM2FT;
				INFOPLIST_FILE = "Net Availability/Info.plist";
				LD_RUNPATH_SEARCH_PATHS = "$(inherited) @executable_path/Frameworks";
				PRODUCT_BUNDLE_IDENTIFIER = "com.xalandk.Net-Availability";
				PRODUCT_NAME = "$(TARGET_NAME)";
				SWIFT_VERSION = 3.0;
			};
			name = Release;
		};
/* End XCBuildConfiguration section */

/* Begin XCConfigurationList section */
		7D0B5DBA1D8EA73100A2BE5C /* Build configuration list for PBXProject "Net Availability" */ = {
			isa = XCConfigurationList;
			buildConfigurations = (
				7D0B5DCF1D8EA73100A2BE5C /* Debug */,
				7D0B5DD01D8EA73100A2BE5C /* Release */,
			);
			defaultConfigurationIsVisible = 0;
			defaultConfigurationName = Release;
		};
		7D0B5DD11D8EA73100A2BE5C /* Build configuration list for PBXNativeTarget "Net Availability" */ = {
			isa = XCConfigurationList;
			buildConfigurations = (
				7D0B5DD21D8EA73100A2BE5C /* Debug */,
				7D0B5DD31D8EA73100A2BE5C /* Release */,
			);
			defaultConfigurationIsVisible = 0;
		};
/* End XCConfigurationList section */
	};
	rootObject = 7D0B5DB71D8EA73100A2BE5C /* Project object */;
}
